{
  "name": "naive-3d",
  "version": "0.2.8",
  "lockfileVersion": 2,
  "requires": true,
  "packages": {
    "": {
      "name": "naive-3d",
      "version": "0.2.8",
      "license": "MIT",
      "devDependencies": {
        "naive-tests": "^1.1.9"
      }
    },
    "node_modules/naive-tests": {
      "version": "1.1.9",
      "resolved": "https://registry.npmjs.org/naive-tests/-/naive-tests-1.1.9.tgz",
      "integrity": "sha512-3gfZHhGQ9fBUOGETG0QZTvHlE8B3z1/pUw9wZXHLGkt0PA5pPPuJwX6oFAVmhuqdhu+29kEE9T3zaYcHZks0SQ==",
      "dev": true
    }
  },
  "dependencies": {
    "naive-tests": {
      "version": "1.1.9",
      "resolved": "https://registry.npmjs.org/naive-tests/-/naive-tests-1.1.9.tgz",
      "integrity": "sha512-3gfZHhGQ9fBUOGETG0QZTvHlE8B3z1/pUw9wZXHLGkt0PA5pPPuJwX6oFAVmhuqdhu+29kEE9T3zaYcHZks0SQ==",
      "dev": true
    }
  }
}
