{
  "name": "naive-3d",
  "version": "0.0.41",
  "lockfileVersion": 2,
  "requires": true,
  "packages": {
    "": {
      "version": "0.0.41",
      "license": "MIT",
      "dependencies": {
        "naive-tests": "^1.1.2"
      }
    },
    "node_modules/naive-tests": {
      "version": "1.1.2",
      "resolved": "https://registry.npmjs.org/naive-tests/-/naive-tests-1.1.2.tgz",
      "integrity": "sha512-IzJxNOTWpflbpWDyjvzzBiYKbkiEIl26uSdT0sRzrlgCmDPR94ZeIVGHfry7nlsq0RbUcNWo8kQIK4lk/wcgRw=="
    }
  },
  "dependencies": {
    "naive-tests": {
      "version": "1.1.2",
      "resolved": "https://registry.npmjs.org/naive-tests/-/naive-tests-1.1.2.tgz",
      "integrity": "sha512-IzJxNOTWpflbpWDyjvzzBiYKbkiEIl26uSdT0sRzrlgCmDPR94ZeIVGHfry7nlsq0RbUcNWo8kQIK4lk/wcgRw=="
    }
  }
}
