{
  "name": "naive-3d",
  "version": "0.2.7",
  "lockfileVersion": 2,
  "requires": true,
  "packages": {
    "": {
      "version": "0.2.7",
      "license": "MIT",
      "dependencies": {
        "naive-tests": "^1.1.5"
      }
    },
    "node_modules/naive-tests": {
      "version": "1.1.5",
      "resolved": "https://registry.npmjs.org/naive-tests/-/naive-tests-1.1.5.tgz",
      "integrity": "sha512-6gv1FEt9S/zcC2uK30zDHXJmec+TJ7eElBUjPAgLGLL2P1QCiBBsm/iuztcLZ/8LwCUdDd1qJxmJwCa0/fgvUg=="
    }
  },
  "dependencies": {
    "naive-tests": {
      "version": "1.1.5",
      "resolved": "https://registry.npmjs.org/naive-tests/-/naive-tests-1.1.5.tgz",
      "integrity": "sha512-6gv1FEt9S/zcC2uK30zDHXJmec+TJ7eElBUjPAgLGLL2P1QCiBBsm/iuztcLZ/8LwCUdDd1qJxmJwCa0/fgvUg=="
    }
  }
}
