{
  "name": "test",
  "version": "1.0.0",
  "lockfileVersion": 1,
  "requires": true,
  "dependencies": {
    "naive-tests": {
      "version": "1.0.5",
      "resolved": "https://registry.npmjs.org/naive-tests/-/naive-tests-1.0.5.tgz",
      "integrity": "sha512-jdG2Qb/lle9INGr01zbnHSLAn8aOBXoctKo1diSUtU7/vzh/0WZxlXHE2NoQ9ZikRB1fXDDDlah1SzWnlXVXKw=="
    }
  }
}
